PODS:
  - Sentry (8.7.1):
    - Sentry/Core (= 8.7.1)
    - SentryPrivate (= 8.7.1)
  - Sentry/Core (8.7.1):
    - SentryPrivate (= 8.7.1)
  - SentryPrivate (8.7.1)
  - shared (1.0):
    - Sentry (= 8.7.1)

DEPENDENCIES:
  - shared (from `../shared`)

SPEC REPOS:
  trunk:
    - Sentry
    - SentryPrivate

EXTERNAL SOURCES:
  shared:
    :path: "../shared"

SPEC CHECKSUMS:
  Sentry: 11776f6a25a128808d793d0d41bb7ad873b5ae4f
  SentryPrivate: b3c448eacdabe9eab7679a2e0af609c608f91572
  shared: 84e7726cc6c14ae49f9a160a036e517652a408f9

PODFILE CHECKSUM: f282da88f39e69507b0a255187c8a6b644477756

COCOAPODS: 1.12.1
